
Microsoft Visual Studio Solution File, Format Version 12.00
# Visual Studio Version 16
VisualStudioVersion = 16.0.31112.23
MinimumVisualStudioVersion = 10.0.40219.1
Project("{FAE04EC0-301F-11D3-BF4B-00C04F79EFBC}") = "ChessWindows", "ModernUI\ChessWindows.csproj", "{6B6FCA95-F163-4879-866D-C36DC7ACAC9F}"
EndProject
Global
	GlobalSection(SolutionConfigurationPlatforms) = preSolution
		Debug|Any CPU = Debug|Any CPU
		Release|Any CPU = Release|Any CPU
	EndGlobalSection
	GlobalSection(ProjectConfigurationPlatforms) = postSolution
		{6B6FCA95-F163-4879-866D-C36DC7ACAC9F}.Debug|Any CPU.ActiveCfg = Debug|Any CPU
		{6B6FCA95-F163-4879-866D-C36DC7ACAC9F}.Debug|Any CPU.Build.0 = Debug|Any CPU
		{6B6FCA95-F163-4879-866D-C36DC7ACAC9F}.Release|Any CPU.ActiveCfg = Release|Any CPU
		{6B6FCA95-F163-4879-866D-C36DC7ACAC9F}.Release|Any CPU.Build.0 = Release|Any CPU
	EndGlobalSection
	GlobalSection(SolutionProperties) = preSolution
		HideSolutionNode = FALSE
	EndGlobalSection
	GlobalSection(ExtensibilityGlobals) = postSolution
		SolutionGuid = {EF28ABA1-61DC-48F2-A467-E6F033F7AEB8}
	EndGlobalSection
EndGlobal
